%{"certifi": {:hex, :certifi, "0.3.0"},
  "cowboy": {:hex, :cowboy, "1.0.3"},
  "cowlib": {:hex, :cowlib, "1.0.1"},
  "exactor": {:hex, :exactor, "2.1.2"},
  "exjsx": {:hex, :exjsx, "3.2.0"},
  "hackney": {:hex, :hackney, "1.4.8"},
  "httparrot": {:hex, :httparrot, "0.3.4"},
  "idna": {:hex, :idna, "1.0.3"},
  "jazz": {:hex, :jazz, "0.2.1"},
  "jsex": {:hex, :jsex, "2.0.0"},
  "jsx": {:hex, :jsx, "2.6.2"},
  "mimerl": {:hex, :mimerl, "1.0.2"},
  "poison": {:hex, :poison, "2.0.1"},
  "ranch": {:hex, :ranch, "1.1.0"},
  "ssl_verify_hostname": {:hex, :ssl_verify_hostname, "1.0.5"}}
